
Microsoft Visual Studio Solution File, Format Version 12.00
# Visual Studio Version 17
VisualStudioVersion = 17.9.34728.123
MinimumVisualStudioVersion = 10.0.40219.1
Project("{FAE04EC0-301F-11D3-BF4B-00C04F79EFBC}") = "CheckSplitterSolution", "CheckSplitterSolution\CheckSplitterSolution.csproj", "{DF6C8B27-7394-4E8A-9CBB-15155FECD30E}"
EndProject
Project("{FAE04EC0-301F-11D3-BF4B-00C04F79EFBC}") = "CheckSplitterLibrary", "CheckSplitterLibrary\CheckSplitterLibrary.csproj", "{A97B5656-DCA1-4C2D-9C55-59072869EE86}"
EndProject
Project("{FAE04EC0-301F-11D3-BF4B-00C04F79EFBC}") = "CheckSplitterTests", "CheckSplitterTests\CheckSplitterTests.csproj", "{3D19E5FD-8A11-41CD-A25A-EA10A02A0EB6}"
EndProject
Global
	GlobalSection(SolutionConfigurationPlatforms) = preSolution
		Debug|Any CPU = Debug|Any CPU
		Release|Any CPU = Release|Any CPU
	EndGlobalSection
	GlobalSection(ProjectConfigurationPlatforms) = postSolution
		{DF6C8B27-7394-4E8A-9CBB-15155FECD30E}.Debug|Any CPU.ActiveCfg = Debug|Any CPU
		{DF6C8B27-7394-4E8A-9CBB-15155FECD30E}.Debug|Any CPU.Build.0 = Debug|Any CPU
		{DF6C8B27-7394-4E8A-9CBB-15155FECD30E}.Release|Any CPU.ActiveCfg = Release|Any CPU
		{DF6C8B27-7394-4E8A-9CBB-15155FECD30E}.Release|Any CPU.Build.0 = Release|Any CPU
		{A97B5656-DCA1-4C2D-9C55-59072869EE86}.Debug|Any CPU.ActiveCfg = Debug|Any CPU
		{A97B5656-DCA1-4C2D-9C55-59072869EE86}.Debug|Any CPU.Build.0 = Debug|Any CPU
		{A97B5656-DCA1-4C2D-9C55-59072869EE86}.Release|Any CPU.ActiveCfg = Release|Any CPU
		{A97B5656-DCA1-4C2D-9C55-59072869EE86}.Release|Any CPU.Build.0 = Release|Any CPU
		{3D19E5FD-8A11-41CD-A25A-EA10A02A0EB6}.Debug|Any CPU.ActiveCfg = Debug|Any CPU
		{3D19E5FD-8A11-41CD-A25A-EA10A02A0EB6}.Debug|Any CPU.Build.0 = Debug|Any CPU
		{3D19E5FD-8A11-41CD-A25A-EA10A02A0EB6}.Release|Any CPU.ActiveCfg = Release|Any CPU
		{3D19E5FD-8A11-41CD-A25A-EA10A02A0EB6}.Release|Any CPU.Build.0 = Release|Any CPU
	EndGlobalSection
	GlobalSection(SolutionProperties) = preSolution
		HideSolutionNode = FALSE
	EndGlobalSection
	GlobalSection(ExtensibilityGlobals) = postSolution
		SolutionGuid = {DD5D8F1C-B77E-4B7D-86EF-87EA4D04ABBC}
	EndGlobalSection
EndGlobal
